# This file is generated by running "yarn install" inside your project.
# Manual changes might be lost - proceed with caution!

__metadata:
  version: 6
  cacheKey: 8

"@rails/actioncable@npm:^6.0.0":
  version: 6.1.7
  resolution: "@rails/actioncable@npm:6.1.7"
  checksum: b9651d9991d6e5fffdadd64e392b8157463b63da48bc1b061541f23907b9c7d73d5d73ee1982c65c3e7d2879fe918bd7b2c776baba4fb21c8ca3c8da2dbec374
  languageName: node
  linkType: hard

"@rails/activestorage@npm:^6.0.0":
  version: 6.1.7
  resolution: "@rails/activestorage@npm:6.1.7"
  dependencies:
    spark-md5: ^3.0.0
  checksum: 7a47df6c1e031adb237184c3fb5b474f6df7c3e0a8fdc5a6d953c67dad326a80b23900bbb0ba42b5ad53b26c83e9c949dc28523f6e150529d41092ff16e8c4ee
  languageName: node
  linkType: hard

"@rails/ujs@npm:^6.0.0":
  version: 6.1.7
  resolution: "@rails/ujs@npm:6.1.7"
  checksum: a597bdaee400f73d4a2b3b2de13433399166273b56e0655da1a4d3cd9e2406224c6506bfc205565e64a02068003647aa51c767bbc5a31d1bdfdc32048a86c618
  languageName: node
  linkType: hard

"active-admin-dashboard@workspace:.":
  version: 0.0.0-use.local
  resolution: "active-admin-dashboard@workspace:."
  dependencies:
    "@rails/actioncable": ^6.0.0
    "@rails/activestorage": ^6.0.0
    "@rails/ujs": ^6.0.0
    turbolinks: ^5.2.0
  languageName: unknown
  linkType: soft

"spark-md5@npm:^3.0.0":
  version: 3.0.2
  resolution: "spark-md5@npm:3.0.2"
  checksum: 5feebff0bfabcecf56ba03af3e38fdb068272ed41fbf0a94ff9ef65b9bb9cb1dd69be3684db6542e62497b1eac3ae324c07ac4dcb606465dc36ca048177077bf
  languageName: node
  linkType: hard

"turbolinks@npm:^5.2.0":
  version: 5.2.0
  resolution: "turbolinks@npm:5.2.0"
  checksum: df393c321ed19d9761e632ff357d3cb032a9ca32c07f1ef8202e5f5bb9d17fcc93cdec0d9dfcf0fbca56c373a9dffa2c151639383e663a72897ae434a877819b
  languageName: node
  linkType: hard
